{
  "version": 4,
  "terraform_version": "0.12.8",
  "serial": 33,
  "lineage": "146daed3-a220-1a3f-5aff-6c47c0e0a707",
  "outputs": {},
  "resources": [
    {
      "mode": "data",
      "type": "aws_iam_policy_document",
      "name": "pubsuball",
      "provider": "provider.aws",
      "instances": [
        {
          "schema_version": 0,
          "attributes": {
            "id": "2190726290",
            "json": "{\n  \"Version\": \"2012-10-17\",\n  \"Statement\": [\n    {\n      \"Sid\": \"\",\n      \"Effect\": \"Allow\",\n      \"Action\": \"iot:*\",\n      \"Resource\": \"*\"\n    }\n  ]\n}",
            "override_json": null,
            "policy_id": null,
            "source_json": null,
            "statement": [
              {
                "actions": [
                  "iot:*"
                ],
                "condition": [],
                "effect": "Allow",
                "not_actions": [],
                "not_principals": [],
                "not_resources": [],
                "principals": [],
                "resources": [
                  "*"
                ],
                "sid": ""
              }
            ],
            "version": "2012-10-17"
          }
        }
      ]
    },
    {
      "mode": "managed",
      "type": "aws_iot_certificate",
      "name": "untrusted",
      "provider": "provider.aws",
      "instances": [
        {
          "schema_version": 0,
          "attributes": {
            "active": true,
            "arn": "arn:aws:iot:eu-central-1:663092282778:cert/08981fff8ac6884bbfbd26e9f8b98568afa73c13e8e29f18d7a992cdaa2ce350",
            "certificate_pem": "-----BEGIN CERTIFICATE-----\nMIIDWTCCAkGgAwIBAgIUXh5bGvU29arpxvoWh4BeuWM/6eUwDQYJKoZIhvcNAQEL\nBQAwTTFLMEkGA1UECwxCQW1hem9uIFdlYiBTZXJ2aWNlcyBPPUFtYXpvbi5jb20g\nSW5jLiBMPVNlYXR0bGUgU1Q9V2FzaGluZ3RvbiBDPVVTMB4XDTE5MDkxMTEwNDY0\nNVoXDTQ5MTIzMTIzNTk1OVowHjEcMBoGA1UEAwwTQVdTIElvVCBDZXJ0aWZpY2F0\nZTCCASIwDQYJKoZIhvcNAQEBBQADggEPADCCAQoCggEBAMCrtdOcK4azAT5vlak4\npmOB8YuyJJP3ZocsCDrxa1uUKA+MnyAnPyMbUPcho4eTUGUaa2iHEfKA14CRUDwu\nLmbdO+XrhNScKLW+9QGczJolLm5/4/+AGPnikgEAo2RF2xNvP8KOMDdICIrmhEKe\na2g2sG/QQ5psEtY3X89w1ov6DXURjRdVZbqNUeBc4I4th2wC4Rfj/pQ11l9mc7Mx\nt7d370rn7UdlOajHgFVTsa/RtcSoTeiRpHPvfuNCm2fBV1rBiz+uKAdWpKwd1qoJ\nbBT2A9fOzyHAyrek954HmXmialEMFK3UQR1nXyjaPgwd/geQ1DaVq0O3M+bDPpo6\nnM8CAwEAAaNgMF4wHwYDVR0jBBgwFoAULans+HQ0hjPqdFU7YDAH3HeFUQgwHQYD\nVR0OBBYEFOFi3EfemZNkcNCH24c+a7Pgm0VgMAwGA1UdEwEB/wQCMAAwDgYDVR0P\nAQH/BAQDAgeAMA0GCSqGSIb3DQEBCwUAA4IBAQAHdkw72au4qUz4XjloNqaNIbu1\nREfPyCR6SVPwfzvNrRrxM492JwFoWADAaGL8ib+DUn9tAOJNfyYwtRSDpifn5W07\nedGzgHZjs154UO0+OInfdostbhaGzo9VWBFzkAIE2MXF5sfTn2Ymizm3lZDyqSIl\n1klqvHXRplYIHE8voD3kJ/1QIhTA9sz3HyuXRzV58YdjVKQsF2mjEdl7zz+/lZms\nchiRwQT3gANt3dFaqn+3or31TEGYMZS8JMFPYVKDXpTiq96c81ApeXwwTqyWZEv+\n+SyDrfje7LLfkdhg3JTD4cVuLsa3rWnWkMSy9m3gBUu+SIjtuWb/kw9lltzR\n-----END CERTIFICATE-----\n",
            "csr": null,
            "id": "08981fff8ac6884bbfbd26e9f8b98568afa73c13e8e29f18d7a992cdaa2ce350",
            "private_key": "-----BEGIN RSA PRIVATE KEY-----\nMIIEpQIBAAKCAQEAwKu105wrhrMBPm+VqTimY4Hxi7Ikk/dmhywIOvFrW5QoD4yf\nICc/IxtQ9yGjh5NQZRpraIcR8oDXgJFQPC4uZt075euE1Jwotb71AZzMmiUubn/j\n/4AY+eKSAQCjZEXbE28/wo4wN0gIiuaEQp5raDawb9BDmmwS1jdfz3DWi/oNdRGN\nF1Vluo1R4Fzgji2HbALhF+P+lDXWX2ZzszG3t3fvSuftR2U5qMeAVVOxr9G1xKhN\n6JGkc+9+40KbZ8FXWsGLP64oB1akrB3WqglsFPYD187PIcDKt6T3ngeZeaJqUQwU\nrdRBHWdfKNo+DB3+B5DUNpWrQ7cz5sM+mjqczwIDAQABAoIBAF/4J8WT0Ipzt3bm\nFeIIebivDSXMQjQB02wZHrBdeGBRV/MG1GwroGNYQ+gVNWNemXkCw+V5AhOM4csE\nlrajOjG6mQ9ZVPyiHBULXPbEp5VQV+Rqh6LIp6gwlxEwxDI6KXlwvI2oTZP7qWWm\nlNKqHk32j8PiNQpCMs/JHUwypGtr8BUz4O5Ho0f943XEP3y3BtOiBqvBPN16MVUM\nvISR7f1g5Lbee498OkJKLZE5qWiMV/uN2odnLcZgMOi+iw9L4kW2+UbxRV7VWRir\nWz54jQ5W8rra5aFOi1nlkOcoKNR/LPPCqO3ZMhp+fAJdap+pvUjR/THqB8pbIauP\n+PYAZ6ECgYEA8oDqSXJoN6la7M6jd9G9FCCFr1jQT06GckJHFfCgYGjEWDQoa+d/\n5dVhMCPzKbi80x5xOQBwEla0+oO0iNTHEAcJHAoF/F1+F6HUKlp0moz5REp3gxnD\nisHTSbeH4F1m5s0EHchXisDEcBfrynkeKEIusFmUQeqhppt9ody6ftUCgYEAy2TM\nd2rDssJ7zUdd9aMCyfokr2U81eWsQ3cCTnklUYp/wK+FG/Gy/5TAwBb4fejrqac0\nXhyI6+EUUMu384k68taszfWdCD9T7LLsId3PAtn8LNuf4WBCaaVR3HosqKr9zNUv\nW64az524z0BpmOT+ip922+d9HccaSdSHS1Kt5xMCgYEAt8ubRnVupZk277ohzSNq\n4gFQMTjoEOOcJKc1B1zrwIZHIe7OIBJCLmjOE1V768g3XO96stAxIMUUv7Xos7hI\n803Ryq2SIdaeRb0Cd+M88xIbrnWeJP/244jJ4do3IobIAe+qygPYzbIScD7BGCE6\nCRs4FbKfGmKBiCvbST1pH80CgYEAi9DHyVNIIcsVhaCIk4GyOhvNOhDyx+rxBxN5\nL26R28LEXTWK4BG/RXgBJErmGM+TqHT7R7J/4P5Bk+Tml+/+6M3vzkkH4JJ/45d/\nQSyT0Fb+xetXtXsRTERLyK7noi6g9zyZKIG/hnbagwW5UVQhMjO6ZiJ0XJLwnE4P\njxTP3KcCgYEAir1cpMwo4TkH4JJ+9j1XNQEzpvcx8LeETpBJKek+SvyPRihdeefH\nAHm64naIHWhS6FBwjRdzyw6n6wSDY8vnTtO863kTE81sCrXhdiSt2sPZ+U++4vZ8\n+2XPsbA45Usj1gTJKiQKxrALH+liLLgIYMd3MAeYkDuhd4FHyfQp0nI=\n-----END RSA PRIVATE KEY-----\n",
            "public_key": "-----BEGIN PUBLIC KEY-----\nMIIBIjANBgkqhkiG9w0BAQEFAAOCAQ8AMIIBCgKCAQEAwKu105wrhrMBPm+VqTim\nY4Hxi7Ikk/dmhywIOvFrW5QoD4yfICc/IxtQ9yGjh5NQZRpraIcR8oDXgJFQPC4u\nZt075euE1Jwotb71AZzMmiUubn/j/4AY+eKSAQCjZEXbE28/wo4wN0gIiuaEQp5r\naDawb9BDmmwS1jdfz3DWi/oNdRGNF1Vluo1R4Fzgji2HbALhF+P+lDXWX2ZzszG3\nt3fvSuftR2U5qMeAVVOxr9G1xKhN6JGkc+9+40KbZ8FXWsGLP64oB1akrB3Wqgls\nFPYD187PIcDKt6T3ngeZeaJqUQwUrdRBHWdfKNo+DB3+B5DUNpWrQ7cz5sM+mjqc\nzwIDAQAB\n-----END PUBLIC KEY-----\n"
          },
          "private": "bnVsbA=="
        }
      ]
    },
    {
      "mode": "managed",
      "type": "aws_iot_policy",
      "name": "pubsuball",
      "provider": "provider.aws",
      "instances": [
        {
          "schema_version": 0,
          "attributes": {
            "arn": "arn:aws:iot:eu-central-1:663092282778:policy/pubsuball",
            "default_version_id": "1",
            "id": "pubsuball",
            "name": "pubsuball",
            "policy": "{\n  \"Version\": \"2012-10-17\",\n  \"Statement\": [\n    {\n      \"Sid\": \"\",\n      \"Effect\": \"Allow\",\n      \"Action\": \"iot:*\",\n      \"Resource\": \"*\"\n    }\n  ]\n}"
          },
          "private": "bnVsbA==",
          "depends_on": [
            "data.aws_iam_policy_document.pubsuball"
          ]
        }
      ]
    },
    {
      "mode": "managed",
      "type": "aws_iot_policy_attachment",
      "name": "att",
      "provider": "provider.aws",
      "instances": [
        {
          "schema_version": 0,
          "attributes": {
            "id": "pubsuball|arn:aws:iot:eu-central-1:663092282778:cert/08981fff8ac6884bbfbd26e9f8b98568afa73c13e8e29f18d7a992cdaa2ce350",
            "policy": "pubsuball",
            "target": "arn:aws:iot:eu-central-1:663092282778:cert/08981fff8ac6884bbfbd26e9f8b98568afa73c13e8e29f18d7a992cdaa2ce350"
          },
          "private": "bnVsbA==",
          "depends_on": [
            "aws_iot_certificate.untrusted",
            "aws_iot_policy.pubsuball"
          ]
        }
      ]
    },
    {
      "mode": "managed",
      "type": "aws_iot_thing",
      "name": "something",
      "provider": "provider.aws",
      "instances": [
        {
          "schema_version": 0,
          "attributes": {
            "arn": "arn:aws:iot:eu-central-1:663092282778:thing/something",
            "attributes": {
              "some": "thing"
            },
            "default_client_id": "something",
            "id": "something",
            "name": "something",
            "thing_type_name": "",
            "version": 1
          },
          "private": "bnVsbA=="
        }
      ]
    },
    {
      "mode": "managed",
      "type": "aws_iot_thing_principal_attachment",
      "name": "something_pubsuball",
      "provider": "provider.aws",
      "instances": [
        {
          "schema_version": 0,
          "attributes": {
            "id": "something|arn:aws:iot:eu-central-1:663092282778:cert/08981fff8ac6884bbfbd26e9f8b98568afa73c13e8e29f18d7a992cdaa2ce350",
            "principal": "arn:aws:iot:eu-central-1:663092282778:cert/08981fff8ac6884bbfbd26e9f8b98568afa73c13e8e29f18d7a992cdaa2ce350",
            "thing": "something"
          },
          "private": "bnVsbA==",
          "depends_on": [
            "aws_iot_certificate.untrusted",
            "aws_iot_thing.something"
          ]
        }
      ]
    },
    {
      "mode": "managed",
      "type": "null_resource",
      "name": "iot_certs",
      "provider": "provider.null",
      "instances": [
        {
          "schema_version": 0,
          "attributes": {
            "id": "5849371309302111344",
            "triggers": {
              "uuid": "3ef9922d-0f24-942a-f411-cd48735d163b"
            }
          },
          "private": "bnVsbA==",
          "depends_on": [
            "aws_iot_certificate.untrusted"
          ]
        }
      ]
    }
  ]
}
