{
  "version": 4,
  "terraform_version": "0.12.8",
  "serial": 43,
  "lineage": "146daed3-a220-1a3f-5aff-6c47c0e0a707",
  "outputs": {},
  "resources": [
    {
      "mode": "data",
      "type": "aws_iam_policy_document",
      "name": "pubsuball",
      "provider": "provider.aws",
      "instances": [
        {
          "schema_version": 0,
          "attributes": {
            "id": "2190726290",
            "json": "{\n  \"Version\": \"2012-10-17\",\n  \"Statement\": [\n    {\n      \"Sid\": \"\",\n      \"Effect\": \"Allow\",\n      \"Action\": \"iot:*\",\n      \"Resource\": \"*\"\n    }\n  ]\n}",
            "override_json": null,
            "policy_id": null,
            "source_json": null,
            "statement": [
              {
                "actions": [
                  "iot:*"
                ],
                "condition": [],
                "effect": "Allow",
                "not_actions": [],
                "not_principals": [],
                "not_resources": [],
                "principals": [],
                "resources": [
                  "*"
                ],
                "sid": ""
              }
            ],
            "version": "2012-10-17"
          }
        }
      ]
    },
    {
      "mode": "managed",
      "type": "aws_iot_certificate",
      "name": "pubsuball",
      "provider": "provider.aws",
      "instances": [
        {
          "schema_version": 0,
          "attributes": {
            "active": true,
            "arn": "arn:aws:iot:eu-central-1:663092282778:cert/2371d9fb3c0e0ed534acf2edcadafb9e16aa1d56d9f0e9c6acfffa139668b780",
            "certificate_pem": "-----BEGIN CERTIFICATE-----\nMIIDWjCCAkKgAwIBAgIVALKQ6jDagX1G5U4N4Eeeh7KQrlmnMA0GCSqGSIb3DQEB\nCwUAME0xSzBJBgNVBAsMQkFtYXpvbiBXZWIgU2VydmljZXMgTz1BbWF6b24uY29t\nIEluYy4gTD1TZWF0dGxlIFNUPVdhc2hpbmd0b24gQz1VUzAeFw0xOTA5MTMwOTAx\nMjlaFw00OTEyMzEyMzU5NTlaMB4xHDAaBgNVBAMME0FXUyBJb1QgQ2VydGlmaWNh\ndGUwggEiMA0GCSqGSIb3DQEBAQUAA4IBDwAwggEKAoIBAQDN6A0eZ/3hpl5OLex1\n6ZwagqXzvJqOZ5eYjcZ5ftTy9VhHkzVwOvdRmXSgdgqMCCTb2bO54JRlrIGgJX83\n2bUtHMIZJaHD0KaaJMAl9fR7T6nB7UcDxyHoGw5puFNZ8qnyGKx2ze0FdiTxdcUV\nwMWPg2uAOeaETxSb55PYE/emdcWsEmSb6P/8mIzdzNXEastXj5t8giNt21FmN/9P\nWC5wMGiXrP2MUm6ElTdP+q6Tgz/wMLXGgBStAv5f9okXk+rJkI+wUEEQfn/XA9D6\nhrFyjgVk2XLR9fNED7Q57XTHL+msqDWFcp1jljfIExuE3+KyTgc4NEEnu7aqIZuN\nXDSFAgMBAAGjYDBeMB8GA1UdIwQYMBaAFESBymsAR59haLXmo6zpbxttnsMxMB0G\nA1UdDgQWBBRIz2Ah6Z1N774M9k9d7kkSMSPkgzAMBgNVHRMBAf8EAjAAMA4GA1Ud\nDwEB/wQEAwIHgDANBgkqhkiG9w0BAQsFAAOCAQEAaqPeGlViGDBaQgpTEUqpv0yJ\newns/HC/RdnLIGeyDcQ0ELP9ty8qeuYhiTawkMYQfA+rp/kLCHuvjY1+VRrorJ16\nXHZCK+KeOEnw1jobay8A+yUF/1/yFYkIjMpGibtxaIMHq7B/FteKU8DKAqpQcMcc\nEhNzqdVgjDZcavhHv35k8WQIA8/FA5uPI2KNY3nY3bvIKf6/J2cb7OULPJY1DGiF\nPiEAmDqY0UOWBu8cTp+aE8NlQIx1MpUbD4iGmEz1tlrtS3il17cZQXnFGyVf8YfU\nLzOhU3rJHm1gcFuhDXTwIqM3e08STvFgMnn08PV/W7sqIZTZSMU+6OjzoImswQ==\n-----END CERTIFICATE-----\n",
            "csr": null,
            "id": "2371d9fb3c0e0ed534acf2edcadafb9e16aa1d56d9f0e9c6acfffa139668b780",
            "private_key": "-----BEGIN RSA PRIVATE KEY-----\nMIIEowIBAAKCAQEAzegNHmf94aZeTi3sdemcGoKl87yajmeXmI3GeX7U8vVYR5M1\ncDr3UZl0oHYKjAgk29mzueCUZayBoCV/N9m1LRzCGSWhw9CmmiTAJfX0e0+pwe1H\nA8ch6BsOabhTWfKp8hisds3tBXYk8XXFFcDFj4NrgDnmhE8Um+eT2BP3pnXFrBJk\nm+j//JiM3czVxGrLV4+bfIIjbdtRZjf/T1gucDBol6z9jFJuhJU3T/quk4M/8DC1\nxoAUrQL+X/aJF5PqyZCPsFBBEH5/1wPQ+oaxco4FZNly0fXzRA+0Oe10xy/prKg1\nhXKdY5Y3yBMbhN/isk4HODRBJ7u2qiGbjVw0hQIDAQABAoIBAQC1wVJjNrR6jRrN\ns+f4pX+wPwcyQZfEgFjmxq8d7AEZfcyxUZZoPQS3ONgkFE53EXFHx8HIIB+eKEo8\nDR1hNYGiErKa9Ab5DKMjibE7UQLAHq/giQyYnxyk/80XMSgSTAwLsg/6xwekPIeb\nxLN14jYB2qX4CCQdQpkUjbSJlgaTHelE5vzq+1TnRK3RVfa99WsGPmxSH7VvZwVF\n7fObQBFyYvEHBOrftw8HnRglIEqZUXpMXuZTO9mIrpweVXncNC+X9yEJNk3nAgp+\n+J5KvflaBkv2KGYdFTJCJIldTCsjv2HiCTwf2R75CT+NHWtF0BCjrnCu3f+Y9jdo\nDFDUkH05AoGBAOh4zF5UIU8bJQgt8aZAcnPCL9moYCknVuqtCDieK0gKBReaaN8a\nUnPkPBhkVse5Hty9gVdxqOAzAXqTLpomBsTxKJOfcWEvokKfL1qvN/l8C1J2ZnW8\nmQgf3a7cmjmz1RnsCPW6OL5o5u+8OhZFHzFpJE6EQDCCBRmJ/CoGcrjvAoGBAOK+\n9Z5nCe/wCeaZhMBjqALHnJ6OnLNFo5QYdyX/Xut36aX/kUTcx/zTwEq2LnLFoOrn\nKt+wekoPf6g5bCBkgEn7LS++CHeB+8RH3K/8AY0HfwRoKwz9c7hjB76SAVXbhgw4\nsQdyajVrz3xXlfezzZXuGsD0ZAM8DqOTjsTiv2HLAoGAIjWEfW0L6cQo0udP5BMf\nxIES4YixfdzYIXiM+SftXpB651pFjG8nKv6vCTfavVE0hW8tlVyYaUWYNh1qgiyO\nWnTSb8bKvG5yBjO+mC2oowHp+JyLv0+dhWCLEqxL1ans9f+R4fchWoO9WBHuylAp\nou/B8/vqJjk73uI7RUPlpekCgYBRqJfoTg9kG7xVEeCfMMSnC6A58f45CdFZWl4+\njvNuNactoxZ8CE71nITZ4zZjGw1Sy6HDIVlJJr/Ao71vBQK2ogCp+vQtpeA31fGC\nZ21fjt2Nhr5KVVTBiNiXJxnYA9EIwbnvhqL9TjBRBXH63QQjBLcZ2mnSSGS1QETg\nXxCxdQKBgCPTAuKEsUUQGYW0fMFvttheLB7TO+FAgHazGHWlc2s+tTHwy56rgZCx\nZOXDSxQ0ngpCuX2woZ+V80jQci1uBTMEWywU0+mdMOrYwy4HEEJ3qCxN5BlExJYb\nZ3CdyHa9gmYx9dPyf0gmtIG9avt0+rJGRd4BKzTJOEdTcBfhNNg5\n-----END RSA PRIVATE KEY-----\n",
            "public_key": "-----BEGIN PUBLIC KEY-----\nMIIBIjANBgkqhkiG9w0BAQEFAAOCAQ8AMIIBCgKCAQEAzegNHmf94aZeTi3sdemc\nGoKl87yajmeXmI3GeX7U8vVYR5M1cDr3UZl0oHYKjAgk29mzueCUZayBoCV/N9m1\nLRzCGSWhw9CmmiTAJfX0e0+pwe1HA8ch6BsOabhTWfKp8hisds3tBXYk8XXFFcDF\nj4NrgDnmhE8Um+eT2BP3pnXFrBJkm+j//JiM3czVxGrLV4+bfIIjbdtRZjf/T1gu\ncDBol6z9jFJuhJU3T/quk4M/8DC1xoAUrQL+X/aJF5PqyZCPsFBBEH5/1wPQ+oax\nco4FZNly0fXzRA+0Oe10xy/prKg1hXKdY5Y3yBMbhN/isk4HODRBJ7u2qiGbjVw0\nhQIDAQAB\n-----END PUBLIC KEY-----\n"
          },
          "private": "bnVsbA=="
        }
      ]
    },
    {
      "mode": "managed",
      "type": "aws_iot_policy",
      "name": "pubsuball",
      "provider": "provider.aws",
      "instances": [
        {
          "schema_version": 0,
          "attributes": {
            "arn": "arn:aws:iot:eu-central-1:663092282778:policy/pubsuball",
            "default_version_id": "1",
            "id": "pubsuball",
            "name": "pubsuball",
            "policy": "{\n  \"Version\": \"2012-10-17\",\n  \"Statement\": [\n    {\n      \"Sid\": \"\",\n      \"Effect\": \"Allow\",\n      \"Action\": \"iot:*\",\n      \"Resource\": \"*\"\n    }\n  ]\n}"
          },
          "private": "bnVsbA==",
          "depends_on": [
            "data.aws_iam_policy_document.pubsuball"
          ]
        }
      ]
    },
    {
      "mode": "managed",
      "type": "aws_iot_policy_attachment",
      "name": "pubsuball",
      "provider": "provider.aws",
      "instances": [
        {
          "schema_version": 0,
          "attributes": {
            "id": "pubsuball|arn:aws:iot:eu-central-1:663092282778:cert/2371d9fb3c0e0ed534acf2edcadafb9e16aa1d56d9f0e9c6acfffa139668b780",
            "policy": "pubsuball",
            "target": "arn:aws:iot:eu-central-1:663092282778:cert/2371d9fb3c0e0ed534acf2edcadafb9e16aa1d56d9f0e9c6acfffa139668b780"
          },
          "private": "bnVsbA==",
          "depends_on": [
            "aws_iot_certificate.pubsuball",
            "aws_iot_policy.pubsuball"
          ]
        }
      ]
    },
    {
      "mode": "managed",
      "type": "aws_iot_thing",
      "name": "something",
      "provider": "provider.aws",
      "instances": [
        {
          "schema_version": 0,
          "attributes": {
            "arn": "arn:aws:iot:eu-central-1:663092282778:thing/something",
            "attributes": {
              "some": "thing"
            },
            "default_client_id": "something",
            "id": "something",
            "name": "something",
            "thing_type_name": "",
            "version": 1
          },
          "private": "bnVsbA=="
        }
      ]
    },
    {
      "mode": "managed",
      "type": "aws_iot_thing_principal_attachment",
      "name": "something_pubsuball",
      "provider": "provider.aws",
      "instances": [
        {
          "schema_version": 0,
          "attributes": {
            "id": "something|arn:aws:iot:eu-central-1:663092282778:cert/2371d9fb3c0e0ed534acf2edcadafb9e16aa1d56d9f0e9c6acfffa139668b780",
            "principal": "arn:aws:iot:eu-central-1:663092282778:cert/2371d9fb3c0e0ed534acf2edcadafb9e16aa1d56d9f0e9c6acfffa139668b780",
            "thing": "something"
          },
          "private": "bnVsbA==",
          "depends_on": [
            "aws_iot_certificate.pubsuball",
            "aws_iot_thing.something"
          ]
        }
      ]
    },
    {
      "mode": "managed",
      "type": "null_resource",
      "name": "cert_dir",
      "provider": "provider.null",
      "instances": [
        {
          "schema_version": 0,
          "attributes": {
            "id": "4635860317826927563",
            "triggers": {
              "uuid": "a77aaac9-7966-2474-4ab5-f8b8999eb545"
            }
          },
          "private": "bnVsbA=="
        }
      ]
    },
    {
      "mode": "managed",
      "type": "null_resource",
      "name": "iot_certs",
      "provider": "provider.null",
      "instances": [
        {
          "schema_version": 0,
          "attributes": {
            "id": "9082335399237661803",
            "triggers": {
              "uuid": "57724bb7-961f-7657-607a-a48c9a4d6599"
            }
          },
          "private": "bnVsbA==",
          "depends_on": [
            "aws_iot_certificate.pubsuball",
            "null_resource.cert_dir"
          ]
        }
      ]
    }
  ]
}
